github.com/aws/aws-sdk-go-v2/config v1.27.16 h1:knpCuH7laFVGYTNd99Ns5t+8PuRjDn4HnnZK48csipM=
github.com/aws/aws-sdk-go-v2/config v1.27.16/go.mod h1:vutqgRhDUktwSge3hrC3nkuirzkJ4E/mLj5GvI0BQas=
github.com/aws/aws-sdk-go-v2/service/dynamodb v1.37.1 h1:vucMirlM6D+RDU8ncKaSZ/5dGrXNajozVwpmWNPn2gQ=
github.com/aws/aws-sdk-go-v2/service/dynamodb v1.37.1/go.mod h1:fceORfs010mNxZbQhfqUjUeHlTwANmIT4mvHamuUaUg=
github.com/aws/aws-sdk-go-v2/service/lambda v1.65.0 h1:c4eYRkhqXsyoIQ4Z8e3E1fBmxOB3XnAfbYw0x+kyHdw=
github.com/aws/aws-sdk-go-v2/service/lambda v1.65.0/go.mod h1:4L6vIpiChdahncljlDFzKWGiZsLgszGwDoYqMDhb6T4=
github.com/aws/aws-sdk-go-v2/service/verifiedpermissions v1.14.1 h1:L1vO1LKz1HRCynAnMlVzmGQqI4f+7Zp21B/XTMlcWeE=
github.com/aws/aws-sdk-go-v2/service/verifiedpermissions v1.14.1/go.mod h1:Wn0tIafKt/X8NP1Mbzyk7Tj4ODsTANuljNbOSY1jc1g=
github.com/bmatcuk/doublestar/v4 v4.7.1 h1:fdDeAqgT47acgwd9bd9HxJRDmc9UAmPpc+2m0CXv75Q=
github.com/bmatcuk/doublestar/v4 v4.7.1/go.mod h1:xBQ8jztBU6kakFMg+8WGxn0c6z1fTSPVIjEY1Wr7jzc=
github.com/hashicorp/terraform-plugin-framework v1.10.0 h1:xXhICE2Fns1RYZxEQebwkB2+kXouLC932Li9qelozrc=
github.com/hashicorp/terraform-plugin-framework v1.10.0/go.mod h1:qBXLDn69kM97NNVi/MQ9qgd1uWWsVftGSnygYG1tImM=
github.com/hashicorp/terraform-plugin-testing v1.6.0 h1:Wsnfh+7XSVRfwcr2jZYHsnLOnZl7UeaOBvsx6dl/608=
github.com/hashicorp/terraform-plugin-testing v1.6.0/go.mod h1:cJGG0/8j9XhHaJZRC+0sXFI4uzqQZ9Az4vh6C4GJpFE=
github.com/pulumi/pulumi-aws/sdk/v6 v6.73.0 h1:HFDRwK8Ov/6FPMNcwvIpsGM33xK3w9Pp5FjT9xfvNtY=
github.com/pulumi/pulumi-aws/sdk/v6 v6.73.0/go.mod h1:xglzyWetVFeJKy0ZlPlIzjKfkm/Aq3n8q/1rANEPVhQ=
github.com/pulumi/pulumi-go-provider v1.1.1 h1:4UT3LeNT9CdGhkq8OSWKJsmKTW9Tg+vsfOO/hsFVyb4=
github.com/pulumi/pulumi-go-provider v1.1.1/go.mod h1:3lNIuxT/BArFyiKrVfv+UT7gMMtplss7V69KuBZ4zIk=
github.com/pulumi/pulumi/sdk/v3 v3.162.0 h1:0XjCLqmBvxmz1WrhSZj6VT6H+GY85PxIzk5d28xfrMY=
github.com/pulumi/pulumi/sdk/v3 v3.162.0/go.mod h1:GAaHrdv3kWJHbzkFFFflGbTBQXUYu6SF1ZCo+O9jo44=
gopkg.in/check.v1 v0.0.0-20161208181325-20d25e280405/go.mod h1:Co6ibVJAznAaIkqp8huTwlJQCZ016jof/cbN4VW5Yz0=
gopkg.in/yaml.v3 v3.0.1 h1:fxVm/GzAzEWqLHuvctI91KS9hhNmmWOoWu0XTYJS7CA=
gopkg.in/yaml.v3 v3.0.1/go.mod h1:K4uyk7z7BCEPqu6E+C64Yfv1cQ7kz7rIZviUmN+EgEM=
